// !$*UTF8*$!
{
	archiveVersion = 1;
	classes = {
	};
	objectVersion = 48;
	objects = {

/* Begin PBXBuildFile section */
		3125DD361FD44AE8005D6ADC /* TouchViewController.swift in Sources */ = {isa = PBXBuildFile; fileRef = 3125DD351FD44AE8005D6ADC /* TouchViewController.swift */; };
		3125DD381FD44FAF005D6ADC /* VibrateViewController.swift in Sources */ = {isa = PBXBuildFile; fileRef = 3125DD371FD44FAF005D6ADC /* VibrateViewController.swift */; };
		3125DD3A1FD450A0005D6ADC /* FlashViewController.swift in Sources */ = {isa = PBXBuildFile; fileRef = 3125DD391FD450A0005D6ADC /* FlashViewController.swift */; };
		3125DD3C1FD451F1005D6ADC /* ChargerViewController.swift in Sources */ = {isa = PBXBuildFile; fileRef = 3125DD3B1FD451F1005D6ADC /* ChargerViewController.swift */; };
		313007131FDC3787004E6F9E /* SoundViewController.swift in Sources */ = {isa = PBXBuildFile; fileRef = 313007121FDC3787004E6F9E /* SoundViewController.swift */; };
		313007171FDC4F24004E6F9E /* despacito_marimba.mp3 in Resources */ = {isa = PBXBuildFile; fileRef = 313007161FDC4F24004E6F9E /* despacito_marimba.mp3 */; };
		313A497E1FD42145002DCC49 /* CheckUpViewController.swift in Sources */ = {isa = PBXBuildFile; fileRef = 313A497D1FD42145002DCC49 /* CheckUpViewController.swift */; };
		314348F21FCF0057003A8877 /* LoyaltyViewController.swift in Sources */ = {isa = PBXBuildFile; fileRef = 314348F11FCF0057003A8877 /* LoyaltyViewController.swift */; };
		3197BA831FBCAD60006272DE /* AppDelegate.swift in Sources */ = {isa = PBXBuildFile; fileRef = 3197BA821FBCAD60006272DE /* AppDelegate.swift */; };
		3197BA851FBCAD60006272DE /* ViewController.swift in Sources */ = {isa = PBXBuildFile; fileRef = 3197BA841FBCAD60006272DE /* ViewController.swift */; };
		3197BA881FBCAD60006272DE /* Main.storyboard in Resources */ = {isa = PBXBuildFile; fileRef = 3197BA861FBCAD60006272DE /* Main.storyboard */; };
		3197BA8A1FBCAD60006272DE /* Assets.xcassets in Resources */ = {isa = PBXBuildFile; fileRef = 3197BA891FBCAD60006272DE /* Assets.xcassets */; };
		3197BA8D1FBCAD60006272DE /* LaunchScreen.storyboard in Resources */ = {isa = PBXBuildFile; fileRef = 3197BA8B1FBCAD60006272DE /* LaunchScreen.storyboard */; };
		3197BA971FBCB65D006272DE /* Artwork.swift in Sources */ = {isa = PBXBuildFile; fileRef = 3197BA961FBCB65D006272DE /* Artwork.swift */; };
		3197BA9B1FBCBA1C006272DE /* MainViewController.swift in Sources */ = {isa = PBXBuildFile; fileRef = 3197BA9A1FBCBA1C006272DE /* MainViewController.swift */; };
		31A469811FD460C1007872F2 /* ProximityViewController.swift in Sources */ = {isa = PBXBuildFile; fileRef = 31A469801FD460C1007872F2 /* ProximityViewController.swift */; };
		31A469831FD464E8007872F2 /* 3DViewController.swift in Sources */ = {isa = PBXBuildFile; fileRef = 31A469821FD464E8007872F2 /* 3DViewController.swift */; };
		31D6DA521FDC276E00095BBB /* Reachability.swift in Sources */ = {isa = PBXBuildFile; fileRef = 31D6DA511FDC276E00095BBB /* Reachability.swift */; };
/* End PBXBuildFile section */

/* Begin PBXFileReference section */
		3125DD351FD44AE8005D6ADC /* TouchViewController.swift */ = {isa = PBXFileReference; lastKnownFileType = sourcecode.swift; path = TouchViewController.swift; sourceTree = "<group>"; };
		3125DD371FD44FAF005D6ADC /* VibrateViewController.swift */ = {isa = PBXFileReference; lastKnownFileType = sourcecode.swift; path = VibrateViewController.swift; sourceTree = "<group>"; };
		3125DD391FD450A0005D6ADC /* FlashViewController.swift */ = {isa = PBXFileReference; lastKnownFileType = sourcecode.swift; path = FlashViewController.swift; sourceTree = "<group>"; };
		3125DD3B1FD451F1005D6ADC /* ChargerViewController.swift */ = {isa = PBXFileReference; lastKnownFileType = sourcecode.swift; path = ChargerViewController.swift; sourceTree = "<group>"; };
		313007121FDC3787004E6F9E /* SoundViewController.swift */ = {isa = PBXFileReference; lastKnownFileType = sourcecode.swift; path = SoundViewController.swift; sourceTree = "<group>"; };
		313007161FDC4F24004E6F9E /* despacito_marimba.mp3 */ = {isa = PBXFileReference; lastKnownFileType = audio.mp3; path = despacito_marimba.mp3; sourceTree = "<group>"; };
		313A497D1FD42145002DCC49 /* CheckUpViewController.swift */ = {isa = PBXFileReference; lastKnownFileType = sourcecode.swift; path = CheckUpViewController.swift; sourceTree = "<group>"; };
		314348F11FCF0057003A8877 /* LoyaltyViewController.swift */ = {isa = PBXFileReference; lastKnownFileType = sourcecode.swift; path = LoyaltyViewController.swift; sourceTree = "<group>"; };
		3197BA7F1FBCAD60006272DE /* Smart Repairs.app */ = {isa = PBXFileReference; explicitFileType = wrapper.application; includeInIndex = 0; path = "Smart Repairs.app"; sourceTree = BUILT_PRODUCTS_DIR; };
		3197BA821FBCAD60006272DE /* AppDelegate.swift */ = {isa = PBXFileReference; lastKnownFileType = sourcecode.swift; path = AppDelegate.swift; sourceTree = "<group>"; };
		3197BA841FBCAD60006272DE /* ViewController.swift */ = {isa = PBXFileReference; lastKnownFileType = sourcecode.swift; path = ViewController.swift; sourceTree = "<group>"; };
		3197BA871FBCAD60006272DE /* Base */ = {isa = PBXFileReference; lastKnownFileType = file.storyboard; name = Base; path = Base.lproj/Main.storyboard; sourceTree = "<group>"; };
		3197BA891FBCAD60006272DE /* Assets.xcassets */ = {isa = PBXFileReference; lastKnownFileType = folder.assetcatalog; path = Assets.xcassets; sourceTree = "<group>"; };
		3197BA8C1FBCAD60006272DE /* Base */ = {isa = PBXFileReference; lastKnownFileType = file.storyboard; name = Base; path = Base.lproj/LaunchScreen.storyboard; sourceTree = "<group>"; };
		3197BA8E1FBCAD61006272DE /* Info.plist */ = {isa = PBXFileReference; lastKnownFileType = text.plist.xml; path = Info.plist; sourceTree = "<group>"; };
		3197BA941FBCADCD006272DE /* logo smart.png */ = {isa = PBXFileReference; lastKnownFileType = image.png; path = "logo smart.png"; sourceTree = "<group>"; };
		3197BA951FBCADCD006272DE /* logo smart2.png */ = {isa = PBXFileReference; lastKnownFileType = image.png; path = "logo smart2.png"; sourceTree = "<group>"; };
		3197BA961FBCB65D006272DE /* Artwork.swift */ = {isa = PBXFileReference; lastKnownFileType = sourcecode.swift; path = Artwork.swift; sourceTree = "<group>"; };
		3197BA9A1FBCBA1C006272DE /* MainViewController.swift */ = {isa = PBXFileReference; lastKnownFileType = sourcecode.swift; path = MainViewController.swift; sourceTree = "<group>"; };
		31A469801FD460C1007872F2 /* ProximityViewController.swift */ = {isa = PBXFileReference; lastKnownFileType = sourcecode.swift; path = ProximityViewController.swift; sourceTree = "<group>"; };
		31A469821FD464E8007872F2 /* 3DViewController.swift */ = {isa = PBXFileReference; lastKnownFileType = sourcecode.swift; path = 3DViewController.swift; sourceTree = "<group>"; };
		31D6DA511FDC276E00095BBB /* Reachability.swift */ = {isa = PBXFileReference; lastKnownFileType = sourcecode.swift; path = Reachability.swift; sourceTree = "<group>"; };
/* End PBXFileReference section */

/* Begin PBXFrameworksBuildPhase section */
		3197BA7C1FBCAD60006272DE /* Frameworks */ = {
			isa = PBXFrameworksBuildPhase;
			buildActionMask = 2147483647;
			files = (
			);
			runOnlyForDeploymentPostprocessing = 0;
		};
/* End PBXFrameworksBuildPhase section */

/* Begin PBXGroup section */
		3197BA761FBCAD60006272DE = {
			isa = PBXGroup;
			children = (
				313007161FDC4F24004E6F9E /* despacito_marimba.mp3 */,
				3197BA9A1FBCBA1C006272DE /* MainViewController.swift */,
				314348F11FCF0057003A8877 /* LoyaltyViewController.swift */,
				3197BA811FBCAD60006272DE /* Smart Repairs */,
				3197BA801FBCAD60006272DE /* Products */,
			);
			sourceTree = "<group>";
		};
		3197BA801FBCAD60006272DE /* Products */ = {
			isa = PBXGroup;
			children = (
				3197BA7F1FBCAD60006272DE /* Smart Repairs.app */,
			);
			name = Products;
			sourceTree = "<group>";
		};
		3197BA811FBCAD60006272DE /* Smart Repairs */ = {
			isa = PBXGroup;
			children = (
				3197BA941FBCADCD006272DE /* logo smart.png */,
				3197BA951FBCADCD006272DE /* logo smart2.png */,
				3197BA821FBCAD60006272DE /* AppDelegate.swift */,
				3197BA841FBCAD60006272DE /* ViewController.swift */,
				3197BA961FBCB65D006272DE /* Artwork.swift */,
				3197BA861FBCAD60006272DE /* Main.storyboard */,
				313007121FDC3787004E6F9E /* SoundViewController.swift */,
				31D6DA511FDC276E00095BBB /* Reachability.swift */,
				31A469821FD464E8007872F2 /* 3DViewController.swift */,
				31A469801FD460C1007872F2 /* ProximityViewController.swift */,
				3125DD3B1FD451F1005D6ADC /* ChargerViewController.swift */,
				3125DD391FD450A0005D6ADC /* FlashViewController.swift */,
				3125DD371FD44FAF005D6ADC /* VibrateViewController.swift */,
				3125DD351FD44AE8005D6ADC /* TouchViewController.swift */,
				313A497D1FD42145002DCC49 /* CheckUpViewController.swift */,
				3197BA891FBCAD60006272DE /* Assets.xcassets */,
				3197BA8B1FBCAD60006272DE /* LaunchScreen.storyboard */,
				3197BA8E1FBCAD61006272DE /* Info.plist */,
			);
			path = "Smart Repairs";
			sourceTree = "<group>";
		};
/* End PBXGroup section */

/* Begin PBXNativeTarget section */
		3197BA7E1FBCAD60006272DE /* Smart Repairs */ = {
			isa = PBXNativeTarget;
			buildConfigurationList = 3197BA911FBCAD61006272DE /* Build configuration list for PBXNativeTarget "Smart Repairs" */;
			buildPhases = (
				3197BA7B1FBCAD60006272DE /* Sources */,
				3197BA7C1FBCAD60006272DE /* Frameworks */,
				3197BA7D1FBCAD60006272DE /* Resources */,
			);
			buildRules = (
			);
			dependencies = (
			);
			name = "Smart Repairs";
			productName = "Smart Repairs";
			productReference = 3197BA7F1FBCAD60006272DE /* Smart Repairs.app */;
			productType = "com.apple.product-type.application";
		};
/* End PBXNativeTarget section */

/* Begin PBXProject section */
		3197BA771FBCAD60006272DE /* Project object */ = {
			isa = PBXProject;
			attributes = {
				LastSwiftUpdateCheck = 0900;
				LastUpgradeCheck = 0900;
				ORGANIZATIONNAME = "Robert Walsh";
				TargetAttributes = {
					3197BA7E1FBCAD60006272DE = {
						CreatedOnToolsVersion = 9.0;
						ProvisioningStyle = Automatic;
					};
				};
			};
			buildConfigurationList = 3197BA7A1FBCAD60006272DE /* Build configuration list for PBXProject "Smart Repairs" */;
			compatibilityVersion = "Xcode 8.0";
			developmentRegion = en;
			hasScannedForEncodings = 0;
			knownRegions = (
				en,
				Base,
			);
			mainGroup = 3197BA761FBCAD60006272DE;
			productRefGroup = 3197BA801FBCAD60006272DE /* Products */;
			projectDirPath = "";
			projectRoot = "";
			targets = (
				3197BA7E1FBCAD60006272DE /* Smart Repairs */,
			);
		};
/* End PBXProject section */

/* Begin PBXResourcesBuildPhase section */
		3197BA7D1FBCAD60006272DE /* Resources */ = {
			isa = PBXResourcesBuildPhase;
			buildActionMask = 2147483647;
			files = (
				3197BA8D1FBCAD60006272DE /* LaunchScreen.storyboard in Resources */,
				3197BA8A1FBCAD60006272DE /* Assets.xcassets in Resources */,
				3197BA881FBCAD60006272DE /* Main.storyboard in Resources */,
				313007171FDC4F24004E6F9E /* despacito_marimba.mp3 in Resources */,
			);
			runOnlyForDeploymentPostprocessing = 0;
		};
/* End PBXResourcesBuildPhase section */

/* Begin PBXSourcesBuildPhase section */
		3197BA7B1FBCAD60006272DE /* Sources */ = {
			isa = PBXSourcesBuildPhase;
			buildActionMask = 2147483647;
			files = (
				31D6DA521FDC276E00095BBB /* Reachability.swift in Sources */,
				31A469811FD460C1007872F2 /* ProximityViewController.swift in Sources */,
				314348F21FCF0057003A8877 /* LoyaltyViewController.swift in Sources */,
				3197BA851FBCAD60006272DE /* ViewController.swift in Sources */,
				313007131FDC3787004E6F9E /* SoundViewController.swift in Sources */,
				3125DD3A1FD450A0005D6ADC /* FlashViewController.swift in Sources */,
				3125DD381FD44FAF005D6ADC /* VibrateViewController.swift in Sources */,
				3197BA971FBCB65D006272DE /* Artwork.swift in Sources */,
				3125DD361FD44AE8005D6ADC /* TouchViewController.swift in Sources */,
				31A469831FD464E8007872F2 /* 3DViewController.swift in Sources */,
				3197BA831FBCAD60006272DE /* AppDelegate.swift in Sources */,
				313A497E1FD42145002DCC49 /* CheckUpViewController.swift in Sources */,
				3197BA9B1FBCBA1C006272DE /* MainViewController.swift in Sources */,
				3125DD3C1FD451F1005D6ADC /* ChargerViewController.swift in Sources */,
			);
			runOnlyForDeploymentPostprocessing = 0;
		};
/* End PBXSourcesBuildPhase section */

/* Begin PBXVariantGroup section */
		3197BA861FBCAD60006272DE /* Main.storyboard */ = {
			isa = PBXVariantGroup;
			children = (
				3197BA871FBCAD60006272DE /* Base */,
			);
			name = Main.storyboard;
			sourceTree = "<group>";
		};
		3197BA8B1FBCAD60006272DE /* LaunchScreen.storyboard */ = {
			isa = PBXVariantGroup;
			children = (
				3197BA8C1FBCAD60006272DE /* Base */,
			);
			name = LaunchScreen.storyboard;
			sourceTree = "<group>";
		};
/* End PBXVariantGroup section */

/* Begin XCBuildConfiguration section */
		3197BA8F1FBCAD61006272DE /* Debug */ = {
			isa = XCBuildConfiguration;
			buildSettings = {
				ALWAYS_SEARCH_USER_PATHS = NO;
				CLANG_ANALYZER_NONNULL = YES;
				CLANG_ANALYZER_NUMBER_OBJECT_CONVERSION = YES_AGGRESSIVE;
				CLANG_CXX_LANGUAGE_STANDARD = "gnu++14";
				CLANG_CXX_LIBRARY = "libc++";
				CLANG_ENABLE_MODULES = YES;
				CLANG_ENABLE_OBJC_ARC = YES;
				CLANG_WARN_BLOCK_CAPTURE_AUTORELEASING = YES;
				CLANG_WARN_BOOL_CONVERSION = YES;
				CLANG_WARN_COMMA = YES;
				CLANG_WARN_CONSTANT_CONVERSION = YES;
				CLANG_WARN_DIRECT_OBJC_ISA_USAGE = YES_ERROR;
				CLANG_WARN_DOCUMENTATION_COMMENTS = YES;
				CLANG_WARN_EMPTY_BODY = YES;
				CLANG_WARN_ENUM_CONVERSION = YES;
				CLANG_WARN_INFINITE_RECURSION = YES;
				CLANG_WARN_INT_CONVERSION = YES;
				CLANG_WARN_NON_LITERAL_NULL_CONVERSION = YES;
				CLANG_WARN_OBJC_LITERAL_CONVERSION = YES;
				CLANG_WARN_OBJC_ROOT_CLASS = YES_ERROR;
				CLANG_WARN_RANGE_LOOP_ANALYSIS = YES;
				CLANG_WARN_STRICT_PROTOTYPES = YES;
				CLANG_WARN_SUSPICIOUS_MOVE = YES;
				CLANG_WARN_UNGUARDED_AVAILABILITY = YES_AGGRESSIVE;
				CLANG_WARN_UNREACHABLE_CODE = YES;
				CLANG_WARN__DUPLICATE_METHOD_MATCH = YES;
				CODE_SIGN_IDENTITY = "iPhone Developer";
				COPY_PHASE_STRIP = NO;
				DEBUG_INFORMATION_FORMAT = dwarf;
				ENABLE_STRICT_OBJC_MSGSEND = YES;
				ENABLE_TESTABILITY = YES;
				GCC_C_LANGUAGE_STANDARD = gnu11;
				GCC_DYNAMIC_NO_PIC = NO;
				GCC_NO_COMMON_BLOCKS = YES;
				GCC_OPTIMIZATION_LEVEL = 0;
				GCC_PREPROCESSOR_DEFINITIONS = (
					"DEBUG=1",
					"$(inherited)",
				);
				GCC_WARN_64_TO_32_BIT_CONVERSION = YES;
				GCC_WARN_ABOUT_RETURN_TYPE = YES_ERROR;
				GCC_WARN_UNDECLARED_SELECTOR = YES;
				GCC_WARN_UNINITIALIZED_AUTOS = YES_AGGRESSIVE;
				GCC_WARN_UNUSED_FUNCTION = YES;
				GCC_WARN_UNUSED_VARIABLE = YES;
				IPHONEOS_DEPLOYMENT_TARGET = 11.0;
				MTL_ENABLE_DEBUG_INFO = YES;
				ONLY_ACTIVE_ARCH = YES;
				SDKROOT = iphoneos;
				SWIFT_ACTIVE_COMPILATION_CONDITIONS = DEBUG;
				SWIFT_OPTIMIZATION_LEVEL = "-Onone";
			};
			name = Debug;
		};
		3197BA901FBCAD61006272DE /* Release */ = {
			isa = XCBuildConfiguration;
			buildSettings = {
				ALWAYS_SEARCH_USER_PATHS = NO;
				CLANG_ANALYZER_NONNULL = YES;
				CLANG_ANALYZER_NUMBER_OBJECT_CONVERSION = YES_AGGRESSIVE;
				CLANG_CXX_LANGUAGE_STANDARD = "gnu++14";
				CLANG_CXX_LIBRARY = "libc++";
				CLANG_ENABLE_MODULES = YES;
				CLANG_ENABLE_OBJC_ARC = YES;
				CLANG_WARN_BLOCK_CAPTURE_AUTORELEASING = YES;
				CLANG_WARN_BOOL_CONVERSION = YES;
				CLANG_WARN_COMMA = YES;
				CLANG_WARN_CONSTANT_CONVERSION = YES;
				CLANG_WARN_DIRECT_OBJC_ISA_USAGE = YES_ERROR;
				CLANG_WARN_DOCUMENTATION_COMMENTS = YES;
				CLANG_WARN_EMPTY_BODY = YES;
				CLANG_WARN_ENUM_CONVERSION = YES;
				CLANG_WARN_INFINITE_RECURSION = YES;
				CLANG_WARN_INT_CONVERSION = YES;
				CLANG_WARN_NON_LITERAL_NULL_CONVERSION = YES;
				CLANG_WARN_OBJC_LITERAL_CONVERSION = YES;
				CLANG_WARN_OBJC_ROOT_CLASS = YES_ERROR;
				CLANG_WARN_RANGE_LOOP_ANALYSIS = YES;
				CLANG_WARN_STRICT_PROTOTYPES = YES;
				CLANG_WARN_SUSPICIOUS_MOVE = YES;
				CLANG_WARN_UNGUARDED_AVAILABILITY = YES_AGGRESSIVE;
				CLANG_WARN_UNREACHABLE_CODE = YES;
				CLANG_WARN__DUPLICATE_METHOD_MATCH = YES;
				CODE_SIGN_IDENTITY = "iPhone Developer";
				COPY_PHASE_STRIP = NO;
				DEBUG_INFORMATION_FORMAT = "dwarf-with-dsym";
				ENABLE_NS_ASSERTIONS = NO;
				ENABLE_STRICT_OBJC_MSGSEND = YES;
				GCC_C_LANGUAGE_STANDARD = gnu11;
				GCC_NO_COMMON_BLOCKS = YES;
				GCC_WARN_64_TO_32_BIT_CONVERSION = YES;
				GCC_WARN_ABOUT_RETURN_TYPE = YES_ERROR;
				GCC_WARN_UNDECLARED_SELECTOR = YES;
				GCC_WARN_UNINITIALIZED_AUTOS = YES_AGGRESSIVE;
				GCC_WARN_UNUSED_FUNCTION = YES;
				GCC_WARN_UNUSED_VARIABLE = YES;
				IPHONEOS_DEPLOYMENT_TARGET = 11.0;
				MTL_ENABLE_DEBUG_INFO = NO;
				SDKROOT = iphoneos;
				SWIFT_OPTIMIZATION_LEVEL = "-Owholemodule";
				VALIDATE_PRODUCT = YES;
			};
			name = Release;
		};
		3197BA921FBCAD61006272DE /* Debug */ = {
			isa = XCBuildConfiguration;
			buildSettings = {
				ASSETCATALOG_COMPILER_APPICON_NAME = AppIcon;
				CODE_SIGN_STYLE = Automatic;
				DEVELOPMENT_TEAM = 6YN5PD453C;
				INFOPLIST_FILE = "Smart Repairs/Info.plist";
				IPHONEOS_DEPLOYMENT_TARGET = 11.0;
				LD_RUNPATH_SEARCH_PATHS = "$(inherited) @executable_path/Frameworks";
				PRODUCT_BUNDLE_IDENTIFIER = "com.robwalshdev.Smart-Repairs";
				PRODUCT_NAME = "$(TARGET_NAME)";
				SWIFT_VERSION = 4.0;
				TARGETED_DEVICE_FAMILY = 1;
			};
			name = Debug;
		};
		3197BA931FBCAD61006272DE /* Release */ = {
			isa = XCBuildConfiguration;
			buildSettings = {
				ASSETCATALOG_COMPILER_APPICON_NAME = AppIcon;
				CODE_SIGN_STYLE = Automatic;
				DEVELOPMENT_TEAM = 6YN5PD453C;
				INFOPLIST_FILE = "Smart Repairs/Info.plist";
				IPHONEOS_DEPLOYMENT_TARGET = 11.0;
				LD_RUNPATH_SEARCH_PATHS = "$(inherited) @executable_path/Frameworks";
				PRODUCT_BUNDLE_IDENTIFIER = "com.robwalshdev.Smart-Repairs";
				PRODUCT_NAME = "$(TARGET_NAME)";
				SWIFT_VERSION = 4.0;
				TARGETED_DEVICE_FAMILY = 1;
			};
			name = Release;
		};
/* End XCBuildConfiguration section */

/* Begin XCConfigurationList section */
		3197BA7A1FBCAD60006272DE /* Build configuration list for PBXProject "Smart Repairs" */ = {
			isa = XCConfigurationList;
			buildConfigurations = (
				3197BA8F1FBCAD61006272DE /* Debug */,
				3197BA901FBCAD61006272DE /* Release */,
			);
			defaultConfigurationIsVisible = 0;
			defaultConfigurationName = Release;
		};
		3197BA911FBCAD61006272DE /* Build configuration list for PBXNativeTarget "Smart Repairs" */ = {
			isa = XCConfigurationList;
			buildConfigurations = (
				3197BA921FBCAD61006272DE /* Debug */,
				3197BA931FBCAD61006272DE /* Release */,
			);
			defaultConfigurationIsVisible = 0;
			defaultConfigurationName = Release;
		};
/* End XCConfigurationList section */
	};
	rootObject = 3197BA771FBCAD60006272DE /* Project object */;
}
